
Microsoft Visual Studio Solution File, Format Version 12.00
# Visual Studio Version 17
VisualStudioVersion = 17.7.34024.191
MinimumVisualStudioVersion = 10.0.40219.1
Project("{9A19103F-16F7-4668-BE54-9A1E7A4F7556}") = "DataAccessObject", "DataAccess\DataAccessObject.csproj", "{969446F7-0C11-4091-BB76-27C5B6F6E59E}"
EndProject
Project("{9A19103F-16F7-4668-BE54-9A1E7A4F7556}") = "BusinessObject", "BusinessObject\BusinessObject.csproj", "{F1DE029C-6925-4AFB-A7FC-5D3AABF6E227}"
EndProject
Project("{2150E333-8FDC-42A3-9474-1A3956D46DE8}") = "1. Presentation Layer", "1. Presentation Layer", "{C0F2A2BB-12CA-450E-96B6-33F353F37FFB}"
EndProject
Project("{2150E333-8FDC-42A3-9474-1A3956D46DE8}") = "2. Business Layer", "2. Business Layer", "{C685C825-CBAD-497C-B75F-7AC9C802F242}"
EndProject
Project("{2150E333-8FDC-42A3-9474-1A3956D46DE8}") = "3. Data Layer", "3. Data Layer", "{F8154C97-FBEB-4A99-B871-114813A37AAA}"
EndProject
Project("{9A19103F-16F7-4668-BE54-9A1E7A4F7556}") = "Repository", "Repository\Repository.csproj", "{B585EF85-6273-4A29-AF21-527FD453DB67}"
EndProject
Project("{9A19103F-16F7-4668-BE54-9A1E7A4F7556}") = "CarRentingManagementWinApp_DOHOANGANH", "CarRentingManagementWinApp_DOHOANGANH\CarRentingManagementWinApp_DOHOANGANH.csproj", "{F202E57B-9318-4E61-A25C-1E05CED97F0A}"
EndProject
Global
	GlobalSection(SolutionConfigurationPlatforms) = preSolution
		Debug|Any CPU = Debug|Any CPU
		Release|Any CPU = Release|Any CPU
	EndGlobalSection
	GlobalSection(ProjectConfigurationPlatforms) = postSolution
		{969446F7-0C11-4091-BB76-27C5B6F6E59E}.Debug|Any CPU.ActiveCfg = Debug|Any CPU
		{969446F7-0C11-4091-BB76-27C5B6F6E59E}.Debug|Any CPU.Build.0 = Debug|Any CPU
		{969446F7-0C11-4091-BB76-27C5B6F6E59E}.Release|Any CPU.ActiveCfg = Release|Any CPU
		{969446F7-0C11-4091-BB76-27C5B6F6E59E}.Release|Any CPU.Build.0 = Release|Any CPU
		{F1DE029C-6925-4AFB-A7FC-5D3AABF6E227}.Debug|Any CPU.ActiveCfg = Debug|Any CPU
		{F1DE029C-6925-4AFB-A7FC-5D3AABF6E227}.Debug|Any CPU.Build.0 = Debug|Any CPU
		{F1DE029C-6925-4AFB-A7FC-5D3AABF6E227}.Release|Any CPU.ActiveCfg = Release|Any CPU
		{F1DE029C-6925-4AFB-A7FC-5D3AABF6E227}.Release|Any CPU.Build.0 = Release|Any CPU
		{B585EF85-6273-4A29-AF21-527FD453DB67}.Debug|Any CPU.ActiveCfg = Debug|Any CPU
		{B585EF85-6273-4A29-AF21-527FD453DB67}.Debug|Any CPU.Build.0 = Debug|Any CPU
		{B585EF85-6273-4A29-AF21-527FD453DB67}.Release|Any CPU.ActiveCfg = Release|Any CPU
		{B585EF85-6273-4A29-AF21-527FD453DB67}.Release|Any CPU.Build.0 = Release|Any CPU
		{F202E57B-9318-4E61-A25C-1E05CED97F0A}.Debug|Any CPU.ActiveCfg = Debug|Any CPU
		{F202E57B-9318-4E61-A25C-1E05CED97F0A}.Debug|Any CPU.Build.0 = Debug|Any CPU
		{F202E57B-9318-4E61-A25C-1E05CED97F0A}.Release|Any CPU.ActiveCfg = Release|Any CPU
		{F202E57B-9318-4E61-A25C-1E05CED97F0A}.Release|Any CPU.Build.0 = Release|Any CPU
	EndGlobalSection
	GlobalSection(SolutionProperties) = preSolution
		HideSolutionNode = FALSE
	EndGlobalSection
	GlobalSection(NestedProjects) = preSolution
		{969446F7-0C11-4091-BB76-27C5B6F6E59E} = {F8154C97-FBEB-4A99-B871-114813A37AAA}
		{F1DE029C-6925-4AFB-A7FC-5D3AABF6E227} = {C685C825-CBAD-497C-B75F-7AC9C802F242}
		{B585EF85-6273-4A29-AF21-527FD453DB67} = {F8154C97-FBEB-4A99-B871-114813A37AAA}
		{F202E57B-9318-4E61-A25C-1E05CED97F0A} = {C0F2A2BB-12CA-450E-96B6-33F353F37FFB}
	EndGlobalSection
	GlobalSection(ExtensibilityGlobals) = postSolution
		SolutionGuid = {1F3E3613-3085-44DC-8356-BDD909850F22}
	EndGlobalSection
EndGlobal
